
Microsoft Visual Studio Solution File, Format Version 12.00
# Visual Studio 15
VisualStudioVersion = 15.0.28010.2036
MinimumVisualStudioVersion = 10.0.40219.1
Project("{FAE04EC0-301F-11D3-BF4B-00C04F79EFBC}") = "KKTF e-Aduan", "KKTF e-Aduan\KKTF e-Aduan.csproj", "{6D7C917C-C8EE-4E67-AF59-27C1B0FD2A4C}"
EndProject
Global
	GlobalSection(SolutionConfigurationPlatforms) = preSolution
		Debug|Any CPU = Debug|Any CPU
		Release|Any CPU = Release|Any CPU
	EndGlobalSection
	GlobalSection(ProjectConfigurationPlatforms) = postSolution
		{6D7C917C-C8EE-4E67-AF59-27C1B0FD2A4C}.Debug|Any CPU.ActiveCfg = Debug|Any CPU
		{6D7C917C-C8EE-4E67-AF59-27C1B0FD2A4C}.Debug|Any CPU.Build.0 = Debug|Any CPU
		{6D7C917C-C8EE-4E67-AF59-27C1B0FD2A4C}.Release|Any CPU.ActiveCfg = Release|Any CPU
		{6D7C917C-C8EE-4E67-AF59-27C1B0FD2A4C}.Release|Any CPU.Build.0 = Release|Any CPU
	EndGlobalSection
	GlobalSection(SolutionProperties) = preSolution
		HideSolutionNode = FALSE
	EndGlobalSection
	GlobalSection(ExtensibilityGlobals) = postSolution
		SolutionGuid = {1F48D73D-89F4-473E-AE56-5A710A7EC92D}
	EndGlobalSection
EndGlobal
